{
  "name": "vue-directive-primer-tooltip",
  "version": "0.1.0",
  "lockfileVersion": 1,
  "requires": true,
  "dependencies": {
    "primer-support": {
      "version": "4.5.2",
      "resolved": "https://registry.npmjs.org/primer-support/-/primer-support-4.5.2.tgz",
      "integrity": "sha1-2quaSIgbaVPo5soBhlovQVv3d8U="
    },
    "primer-tooltips": {
      "version": "1.5.3",
      "resolved": "https://registry.npmjs.org/primer-tooltips/-/primer-tooltips-1.5.3.tgz",
      "integrity": "sha1-DmZuMRNr7GNKhOnsuddhadCR4kk=",
      "requires": {
        "primer-support": "4.5.2"
      }
    }
  }
}
